
Microsoft Visual Studio Solution File, Format Version 12.00
# Visual Studio Version 16
VisualStudioVersion = 16.0.31515.178
MinimumVisualStudioVersion = 10.0.40219.1
Project("{8BC9CEB8-8B4A-11D0-8D11-00A0C91BC942}") = "engine", "engine\engine.vcxproj", "{63E56790-0977-47CC-B52B-B1BF8746AFD4}"
EndProject
Global
	GlobalSection(SolutionConfigurationPlatforms) = preSolution
		Debug|x64 = Debug|x64
		Debug|x86 = Debug|x86
		Release|x64 = Release|x64
		Release|x86 = Release|x86
	EndGlobalSection
	GlobalSection(ProjectConfigurationPlatforms) = postSolution
		{63E56790-0977-47CC-B52B-B1BF8746AFD4}.Debug|x64.ActiveCfg = Debug|x64
		{63E56790-0977-47CC-B52B-B1BF8746AFD4}.Debug|x64.Build.0 = Debug|x64
		{63E56790-0977-47CC-B52B-B1BF8746AFD4}.Debug|x86.ActiveCfg = Debug|Win32
		{63E56790-0977-47CC-B52B-B1BF8746AFD4}.Debug|x86.Build.0 = Debug|Win32
		{63E56790-0977-47CC-B52B-B1BF8746AFD4}.Release|x64.ActiveCfg = Release|x64
		{63E56790-0977-47CC-B52B-B1BF8746AFD4}.Release|x64.Build.0 = Release|x64
		{63E56790-0977-47CC-B52B-B1BF8746AFD4}.Release|x86.ActiveCfg = Release|Win32
		{63E56790-0977-47CC-B52B-B1BF8746AFD4}.Release|x86.Build.0 = Release|Win32
	EndGlobalSection
	GlobalSection(SolutionProperties) = preSolution
		HideSolutionNode = FALSE
	EndGlobalSection
	GlobalSection(ExtensibilityGlobals) = postSolution
		SolutionGuid = {F866E7B1-AEBB-4597-A9EF-76621D4D356A}
	EndGlobalSection
EndGlobal
