<?xml version="1.0" encoding="utf-8"?>
<Project ToolsVersion="4.0" xmlns="http://schemas.microsoft.com/developer/msbuild/2003">
  <ItemGroup>
    <Filter Include="Source Files">
      <UniqueIdentifier>{4FC737F1-C7A5-4376-A066-2A32D752A2FF}</UniqueIdentifier>
      <Extensions>cpp;c;cc;cxx;c++;cppm;ixx;def;odl;idl;hpj;bat;asm;asmx</Extensions>
    </Filter>
    <Filter Include="Header Files">
      <UniqueIdentifier>{93995380-89BD-4b04-88EB-625FBE52EBFB}</UniqueIdentifier>
      <Extensions>h;hh;hpp;hxx;h++;hm;inl;inc;ipp;xsd</Extensions>
    </Filter>
    <Filter Include="Resource Files">
      <UniqueIdentifier>{67DA6AB6-F800-4c08-8B7A-83BB121AAD01}</UniqueIdentifier>
      <Extensions>rc;ico;cur;bmp;dlg;rc2;rct;bin;rgs;gif;jpg;jpeg;jpe;resx;tiff;tif;png;wav;mfcribbon-ms</Extensions>
    </Filter>
    <Filter Include="DxErr">
      <UniqueIdentifier>{876ba8a3-f46b-4b8e-b3bc-9bfa0a450533}</UniqueIdentifier>
    </Filter>
    <Filter Include="Shader">
      <UniqueIdentifier>{8f468d7e-d89b-41d4-898b-d35bff18cacf}</UniqueIdentifier>
    </Filter>
  </ItemGroup>
  <ItemGroup>
    <ClCompile Include="WinMain.cpp">
      <Filter>Source Files</Filter>
    </ClCompile>
    <ClCompile Include="WindowsMessageMap.cpp">
      <Filter>Source Files</Filter>
    </ClCompile>
    <ClCompile Include="Window.cpp">
      <Filter>Source Files</Filter>
    </ClCompile>
    <ClCompile Include="EngineException.cpp">
      <Filter>Source Files</Filter>
    </ClCompile>
    <ClCompile Include="Keyboard.cpp">
      <Filter>Source Files</Filter>
    </ClCompile>
    <ClCompile Include="Mouse.cpp">
      <Filter>Source Files</Filter>
    </ClCompile>
    <ClCompile Include="App.cpp">
      <Filter>Source Files</Filter>
    </ClCompile>
    <ClCompile Include="EngineTimer.cpp">
      <Filter>Source Files</Filter>
    </ClCompile>
    <ClCompile Include="Graphics.cpp">
      <Filter>Source Files</Filter>
    </ClCompile>
    <ClCompile Include="DxgiInfoManager.cpp">
      <Filter>Source Files</Filter>
    </ClCompile>
    <ClCompile Include="dxerr.cpp">
      <Filter>DxErr</Filter>
    </ClCompile>
  </ItemGroup>
  <ItemGroup>
    <ClInclude Include="ConfigureWindows.h">
      <Filter>Header Files</Filter>
    </ClInclude>
    <ClInclude Include="WindowsMessageMap.h">
      <Filter>Header Files</Filter>
    </ClInclude>
    <ClInclude Include="Window.h">
      <Filter>Header Files</Filter>
    </ClInclude>
    <ClInclude Include="EngineException.h">
      <Filter>Header Files</Filter>
    </ClInclude>
    <ClInclude Include="resource.h">
      <Filter>Header Files</Filter>
    </ClInclude>
    <ClInclude Include="Keyboard.h">
      <Filter>Header Files</Filter>
    </ClInclude>
    <ClInclude Include="Mouse.h">
      <Filter>Header Files</Filter>
    </ClInclude>
    <ClInclude Include="App.h">
      <Filter>Header Files</Filter>
    </ClInclude>
    <ClInclude Include="EngineTimer.h">
      <Filter>Header Files</Filter>
    </ClInclude>
    <ClInclude Include="Graphics.h">
      <Filter>Header Files</Filter>
    </ClInclude>
    <ClInclude Include="dxerr.h">
      <Filter>DxErr</Filter>
    </ClInclude>
    <ClInclude Include="DxgiInfoManager.h">
      <Filter>Header Files</Filter>
    </ClInclude>
  </ItemGroup>
  <ItemGroup>
    <ResourceCompile Include="engine.rc">
      <Filter>Resource Files</Filter>
    </ResourceCompile>
  </ItemGroup>
  <ItemGroup>
    <Image Include="n3u2o.ico">
      <Filter>Resource Files</Filter>
    </Image>
  </ItemGroup>
  <ItemGroup>
    <None Include="DXGetErrorDescription.inl">
      <Filter>DxErr</Filter>
    </None>
    <None Include="DXGetErrorString.inl">
      <Filter>DxErr</Filter>
    </None>
    <None Include="DXTrace.inl">
      <Filter>DxErr</Filter>
    </None>
  </ItemGroup>
  <ItemGroup>
    <FxCompile Include="VertexShader.hlsl">
      <Filter>Shader</Filter>
    </FxCompile>
    <FxCompile Include="PixelShader.hlsl">
      <Filter>Shader</Filter>
    </FxCompile>
  </ItemGroup>
</Project>